
Microsoft Visual Studio Solution File, Format Version 12.00
# Visual Studio Version 17
VisualStudioVersion = 17.11.35303.130
MinimumVisualStudioVersion = 10.0.40219.1
Project("{FAE04EC0-301F-11D3-BF4B-00C04F79EFBC}") = "backend", "backend\backend.csproj", "{74975BC3-D69F-48D6-A932-18BBAE5552FA}"
EndProject
Global
	GlobalSection(SolutionConfigurationPlatforms) = preSolution
		Debug|Any CPU = Debug|Any CPU
		Release|Any CPU = Release|Any CPU
	EndGlobalSection
	GlobalSection(ProjectConfigurationPlatforms) = postSolution
		{74975BC3-D69F-48D6-A932-18BBAE5552FA}.Debug|Any CPU.ActiveCfg = Debug|Any CPU
		{74975BC3-D69F-48D6-A932-18BBAE5552FA}.Debug|Any CPU.Build.0 = Debug|Any CPU
		{74975BC3-D69F-48D6-A932-18BBAE5552FA}.Release|Any CPU.ActiveCfg = Release|Any CPU
		{74975BC3-D69F-48D6-A932-18BBAE5552FA}.Release|Any CPU.Build.0 = Release|Any CPU
	EndGlobalSection
	GlobalSection(SolutionProperties) = preSolution
		HideSolutionNode = FALSE
	EndGlobalSection
	GlobalSection(ExtensibilityGlobals) = postSolution
		SolutionGuid = {F55539B6-1F10-43EC-B71F-050654A6A914}
	EndGlobalSection
EndGlobal
